
Microsoft Visual Studio Solution File, Format Version 12.00
# Visual Studio Version 17
VisualStudioVersion = 17.8.34601.278
MinimumVisualStudioVersion = 10.0.40219.1
Project("{FAE04EC0-301F-11D3-BF4B-00C04F79EFBC}") = "ContainerAppsEnvVariables.Server", "ContainerAppsEnvVariables.Server\ContainerAppsEnvVariables.Server.csproj", "{1688B54F-6696-43DE-844E-90265A9FD21F}"
EndProject
Project("{54A90642-561A-4BB1-A94E-469ADEE60C69}") = "containerappsenvvariables.client", "containerappsenvvariables.client\containerappsenvvariables.client.esproj", "{112D97CC-24BD-4F78-8024-84E8D27B9E5C}"
EndProject
Global
	GlobalSection(SolutionConfigurationPlatforms) = preSolution
		Debug|Any CPU = Debug|Any CPU
		Release|Any CPU = Release|Any CPU
	EndGlobalSection
	GlobalSection(ProjectConfigurationPlatforms) = postSolution
		{1688B54F-6696-43DE-844E-90265A9FD21F}.Debug|Any CPU.ActiveCfg = Debug|Any CPU
		{1688B54F-6696-43DE-844E-90265A9FD21F}.Debug|Any CPU.Build.0 = Debug|Any CPU
		{1688B54F-6696-43DE-844E-90265A9FD21F}.Release|Any CPU.ActiveCfg = Release|Any CPU
		{1688B54F-6696-43DE-844E-90265A9FD21F}.Release|Any CPU.Build.0 = Release|Any CPU
		{112D97CC-24BD-4F78-8024-84E8D27B9E5C}.Debug|Any CPU.ActiveCfg = Debug|Any CPU
		{112D97CC-24BD-4F78-8024-84E8D27B9E5C}.Debug|Any CPU.Build.0 = Debug|Any CPU
		{112D97CC-24BD-4F78-8024-84E8D27B9E5C}.Debug|Any CPU.Deploy.0 = Debug|Any CPU
		{112D97CC-24BD-4F78-8024-84E8D27B9E5C}.Release|Any CPU.ActiveCfg = Release|Any CPU
		{112D97CC-24BD-4F78-8024-84E8D27B9E5C}.Release|Any CPU.Build.0 = Release|Any CPU
		{112D97CC-24BD-4F78-8024-84E8D27B9E5C}.Release|Any CPU.Deploy.0 = Release|Any CPU
	EndGlobalSection
	GlobalSection(SolutionProperties) = preSolution
		HideSolutionNode = FALSE
	EndGlobalSection
	GlobalSection(ExtensibilityGlobals) = postSolution
		SolutionGuid = {D78585C7-E75C-4759-9C76-C94B9B8A54B1}
	EndGlobalSection
EndGlobal
